
Microsoft Visual Studio Solution File, Format Version 12.00
# Visual Studio Version 17
VisualStudioVersion = 17.4.33213.308
MinimumVisualStudioVersion = 10.0.40219.1
Project("{888888A0-9F3D-457C-B088-3A5042F75D52}") = "Main_Project", "Main_Project.pyproj", "{F927E330-8A88-48CF-975F-BFEEA5E052BB}"
EndProject
Global
	GlobalSection(SolutionConfigurationPlatforms) = preSolution
		Debug|Any CPU = Debug|Any CPU
		Release|Any CPU = Release|Any CPU
	EndGlobalSection
	GlobalSection(ProjectConfigurationPlatforms) = postSolution
		{F927E330-8A88-48CF-975F-BFEEA5E052BB}.Debug|Any CPU.ActiveCfg = Debug|Any CPU
		{F927E330-8A88-48CF-975F-BFEEA5E052BB}.Release|Any CPU.ActiveCfg = Release|Any CPU
	EndGlobalSection
	GlobalSection(SolutionProperties) = preSolution
		HideSolutionNode = FALSE
	EndGlobalSection
	GlobalSection(ExtensibilityGlobals) = postSolution
		SolutionGuid = {C46C39E6-66F7-451C-A251-9C875051133F}
	EndGlobalSection
EndGlobal
